
Microsoft Visual Studio Solution File, Format Version 12.00
# Visual Studio Version 16
VisualStudioVersion = 16.0.30114.105
MinimumVisualStudioVersion = 10.0.40219.1
Project("{FAE04EC0-301F-11D3-BF4B-00C04F79EFBC}") = "Authentication-authorization", "Authentication-authorization.csproj", "{B47669DF-F755-4010-BFD4-884A5388472D}"
EndProject
Global
	GlobalSection(SolutionConfigurationPlatforms) = preSolution
		Debug|Any CPU = Debug|Any CPU
		Release|Any CPU = Release|Any CPU
	EndGlobalSection
	GlobalSection(ProjectConfigurationPlatforms) = postSolution
		{B47669DF-F755-4010-BFD4-884A5388472D}.Debug|Any CPU.ActiveCfg = Debug|Any CPU
		{B47669DF-F755-4010-BFD4-884A5388472D}.Debug|Any CPU.Build.0 = Debug|Any CPU
		{B47669DF-F755-4010-BFD4-884A5388472D}.Release|Any CPU.ActiveCfg = Release|Any CPU
		{B47669DF-F755-4010-BFD4-884A5388472D}.Release|Any CPU.Build.0 = Release|Any CPU
	EndGlobalSection
	GlobalSection(SolutionProperties) = preSolution
		HideSolutionNode = FALSE
	EndGlobalSection
	GlobalSection(ExtensibilityGlobals) = postSolution
		SolutionGuid = {C18B0608-8A21-4201-A758-6A756D150D35}
	EndGlobalSection
EndGlobal
